
Microsoft Visual Studio Solution File, Format Version 12.00
# Visual Studio Version 16
VisualStudioVersion = 16.0.30114.105
MinimumVisualStudioVersion = 10.0.40219.1
Project("{F2A71F9B-5D33-465A-A702-920D77279786}") = "Day13", "Day13\Day13.fsproj", "{0892C3A0-E3A7-4C17-92B7-C513699156D0}"
EndProject
Project("{F2A71F9B-5D33-465A-A702-920D77279786}") = "Day13.Tests", "Day13.Tests\Day13.Tests.fsproj", "{0CA5DF54-703C-499A-B77B-641F587240AD}"
EndProject
Global
	GlobalSection(SolutionConfigurationPlatforms) = preSolution
		Debug|Any CPU = Debug|Any CPU
		Release|Any CPU = Release|Any CPU
	EndGlobalSection
	GlobalSection(SolutionProperties) = preSolution
		HideSolutionNode = FALSE
	EndGlobalSection
	GlobalSection(ProjectConfigurationPlatforms) = postSolution
		{0892C3A0-E3A7-4C17-92B7-C513699156D0}.Debug|Any CPU.ActiveCfg = Debug|Any CPU
		{0892C3A0-E3A7-4C17-92B7-C513699156D0}.Debug|Any CPU.Build.0 = Debug|Any CPU
		{0892C3A0-E3A7-4C17-92B7-C513699156D0}.Release|Any CPU.ActiveCfg = Release|Any CPU
		{0892C3A0-E3A7-4C17-92B7-C513699156D0}.Release|Any CPU.Build.0 = Release|Any CPU
		{0CA5DF54-703C-499A-B77B-641F587240AD}.Debug|Any CPU.ActiveCfg = Debug|Any CPU
		{0CA5DF54-703C-499A-B77B-641F587240AD}.Debug|Any CPU.Build.0 = Debug|Any CPU
		{0CA5DF54-703C-499A-B77B-641F587240AD}.Release|Any CPU.ActiveCfg = Release|Any CPU
		{0CA5DF54-703C-499A-B77B-641F587240AD}.Release|Any CPU.Build.0 = Release|Any CPU
	EndGlobalSection
EndGlobal
