
Microsoft Visual Studio Solution File, Format Version 12.00
# Visual Studio Version 16
VisualStudioVersion = 16.0.30114.105
MinimumVisualStudioVersion = 10.0.40219.1
Project("{F2A71F9B-5D33-465A-A702-920D77279786}") = "Day10", "Day10\Day10.fsproj", "{8A1FC309-0239-4698-B734-D5F00CFF52FA}"
EndProject
Project("{F2A71F9B-5D33-465A-A702-920D77279786}") = "Day10.Tests", "Day10.Tests\Day10.Tests.fsproj", "{257AF01B-715E-4B1A-B70A-D4817506F603}"
EndProject
Global
	GlobalSection(SolutionConfigurationPlatforms) = preSolution
		Debug|Any CPU = Debug|Any CPU
		Release|Any CPU = Release|Any CPU
	EndGlobalSection
	GlobalSection(SolutionProperties) = preSolution
		HideSolutionNode = FALSE
	EndGlobalSection
	GlobalSection(ProjectConfigurationPlatforms) = postSolution
		{8A1FC309-0239-4698-B734-D5F00CFF52FA}.Debug|Any CPU.ActiveCfg = Debug|Any CPU
		{8A1FC309-0239-4698-B734-D5F00CFF52FA}.Debug|Any CPU.Build.0 = Debug|Any CPU
		{8A1FC309-0239-4698-B734-D5F00CFF52FA}.Release|Any CPU.ActiveCfg = Release|Any CPU
		{8A1FC309-0239-4698-B734-D5F00CFF52FA}.Release|Any CPU.Build.0 = Release|Any CPU
		{257AF01B-715E-4B1A-B70A-D4817506F603}.Debug|Any CPU.ActiveCfg = Debug|Any CPU
		{257AF01B-715E-4B1A-B70A-D4817506F603}.Debug|Any CPU.Build.0 = Debug|Any CPU
		{257AF01B-715E-4B1A-B70A-D4817506F603}.Release|Any CPU.ActiveCfg = Release|Any CPU
		{257AF01B-715E-4B1A-B70A-D4817506F603}.Release|Any CPU.Build.0 = Release|Any CPU
	EndGlobalSection
EndGlobal
